
Microsoft Visual Studio Solution File, Format Version 12.00
# Visual Studio 15
VisualStudioVersion = 15.0.26430.16
MinimumVisualStudioVersion = 10.0.40219.1
Project("{FAE04EC0-301F-11D3-BF4B-00C04F79EFBC}") = "CarControl", "CarControl\CarControl.csproj", "{91B7A11C-5ACD-4210-AA53-408770C650B7}"
EndProject
Project("{FAE04EC0-301F-11D3-BF4B-00C04F79EFBC}") = "CH", "..\CH\CH\CH.csproj", "{C74240A6-48FE-4A46-9E16-6FA7634BA99C}"
EndProject
Global
	GlobalSection(SolutionConfigurationPlatforms) = preSolution
		Debug|Any CPU = Debug|Any CPU
		Release|Any CPU = Release|Any CPU
	EndGlobalSection
	GlobalSection(ProjectConfigurationPlatforms) = postSolution
		{91B7A11C-5ACD-4210-AA53-408770C650B7}.Debug|Any CPU.ActiveCfg = Debug|Any CPU
		{91B7A11C-5ACD-4210-AA53-408770C650B7}.Debug|Any CPU.Build.0 = Debug|Any CPU
		{91B7A11C-5ACD-4210-AA53-408770C650B7}.Release|Any CPU.ActiveCfg = Release|Any CPU
		{91B7A11C-5ACD-4210-AA53-408770C650B7}.Release|Any CPU.Build.0 = Release|Any CPU
		{C74240A6-48FE-4A46-9E16-6FA7634BA99C}.Debug|Any CPU.ActiveCfg = Debug|Any CPU
		{C74240A6-48FE-4A46-9E16-6FA7634BA99C}.Debug|Any CPU.Build.0 = Debug|Any CPU
		{C74240A6-48FE-4A46-9E16-6FA7634BA99C}.Release|Any CPU.ActiveCfg = Release|Any CPU
		{C74240A6-48FE-4A46-9E16-6FA7634BA99C}.Release|Any CPU.Build.0 = Release|Any CPU
	EndGlobalSection
	GlobalSection(SolutionProperties) = preSolution
		HideSolutionNode = FALSE
	EndGlobalSection
	GlobalSection(ExtensibilityGlobals) = postSolution
		SolutionGuid = {8897E283-6E4D-4CAE-A971-AD6A1F7C040F}
	EndGlobalSection
EndGlobal
